
Microsoft Visual Studio Solution File, Format Version 12.00
# Visual Studio Version 17
VisualStudioVersion = 17.0.31903.59
MinimumVisualStudioVersion = 10.0.40219.1
Project("{FAE04EC0-301F-11D3-BF4B-00C04F79EFBC}") = "ClientApp", "ClientApp\ClientApp.csproj", "{B0FCBCE3-2767-4339-BEE1-A9C8EE9A9B54}"
EndProject
Project("{FAE04EC0-301F-11D3-BF4B-00C04F79EFBC}") = "ServerApp", "ServerApp\ServerApp.csproj", "{6719B549-4616-4D91-B7D0-E997D6F05B3E}"
EndProject
Project("{FAE04EC0-301F-11D3-BF4B-00C04F79EFBC}") = "SharedLib", "SharedLib\SharedLib.csproj", "{E2F788BD-98F9-47B2-876F-B0F8C9339C03}"
EndProject
Global
	GlobalSection(SolutionConfigurationPlatforms) = preSolution
		Debug|Any CPU = Debug|Any CPU
		Release|Any CPU = Release|Any CPU
	EndGlobalSection
	GlobalSection(SolutionProperties) = preSolution
		HideSolutionNode = FALSE
	EndGlobalSection
	GlobalSection(ProjectConfigurationPlatforms) = postSolution
		{B0FCBCE3-2767-4339-BEE1-A9C8EE9A9B54}.Debug|Any CPU.ActiveCfg = Debug|Any CPU
		{B0FCBCE3-2767-4339-BEE1-A9C8EE9A9B54}.Debug|Any CPU.Build.0 = Debug|Any CPU
		{B0FCBCE3-2767-4339-BEE1-A9C8EE9A9B54}.Release|Any CPU.ActiveCfg = Release|Any CPU
		{B0FCBCE3-2767-4339-BEE1-A9C8EE9A9B54}.Release|Any CPU.Build.0 = Release|Any CPU
		{6719B549-4616-4D91-B7D0-E997D6F05B3E}.Debug|Any CPU.ActiveCfg = Debug|Any CPU
		{6719B549-4616-4D91-B7D0-E997D6F05B3E}.Debug|Any CPU.Build.0 = Debug|Any CPU
		{6719B549-4616-4D91-B7D0-E997D6F05B3E}.Release|Any CPU.ActiveCfg = Release|Any CPU
		{6719B549-4616-4D91-B7D0-E997D6F05B3E}.Release|Any CPU.Build.0 = Release|Any CPU
		{E2F788BD-98F9-47B2-876F-B0F8C9339C03}.Debug|Any CPU.ActiveCfg = Debug|Any CPU
		{E2F788BD-98F9-47B2-876F-B0F8C9339C03}.Debug|Any CPU.Build.0 = Debug|Any CPU
		{E2F788BD-98F9-47B2-876F-B0F8C9339C03}.Release|Any CPU.ActiveCfg = Release|Any CPU
		{E2F788BD-98F9-47B2-876F-B0F8C9339C03}.Release|Any CPU.Build.0 = Release|Any CPU
	EndGlobalSection
EndGlobal
