
Microsoft Visual Studio Solution File, Format Version 12.00
# Visual Studio Version 17
VisualStudioVersion = 17.5.002.0
MinimumVisualStudioVersion = 10.0.40219.1
Project("{9A19103F-16F7-4668-BE54-9A1E7A4F7556}") = "GettingStartedApp", "GettingStartedApp.csproj", "{43AC6197-4EDB-49A9-9B50-529F235C10A9}"
EndProject
Global
	GlobalSection(SolutionConfigurationPlatforms) = preSolution
		Debug|Any CPU = Debug|Any CPU
		Release|Any CPU = Release|Any CPU
	EndGlobalSection
	GlobalSection(ProjectConfigurationPlatforms) = postSolution
		{43AC6197-4EDB-49A9-9B50-529F235C10A9}.Debug|Any CPU.ActiveCfg = Debug|Any CPU
		{43AC6197-4EDB-49A9-9B50-529F235C10A9}.Debug|Any CPU.Build.0 = Debug|Any CPU
		{43AC6197-4EDB-49A9-9B50-529F235C10A9}.Release|Any CPU.ActiveCfg = Release|Any CPU
		{43AC6197-4EDB-49A9-9B50-529F235C10A9}.Release|Any CPU.Build.0 = Release|Any CPU
	EndGlobalSection
	GlobalSection(SolutionProperties) = preSolution
		HideSolutionNode = FALSE
	EndGlobalSection
	GlobalSection(ExtensibilityGlobals) = postSolution
		SolutionGuid = {07519102-6ECC-4CF4-BE61-B3BE54AF9F60}
	EndGlobalSection
EndGlobal
