
Microsoft Visual Studio Solution File, Format Version 12.00
# Visual Studio Version 17
VisualStudioVersion = 17.5.002.0
MinimumVisualStudioVersion = 10.0.40219.1
Project("{9A19103F-16F7-4668-BE54-9A1E7A4F7556}") = "OptionsApp", "OptionsApp.csproj", "{693F23D8-959C-4E69-92E8-7EA86D830A73}"
EndProject
Global
	GlobalSection(SolutionConfigurationPlatforms) = preSolution
		Debug|Any CPU = Debug|Any CPU
		Release|Any CPU = Release|Any CPU
	EndGlobalSection
	GlobalSection(ProjectConfigurationPlatforms) = postSolution
		{693F23D8-959C-4E69-92E8-7EA86D830A73}.Debug|Any CPU.ActiveCfg = Debug|Any CPU
		{693F23D8-959C-4E69-92E8-7EA86D830A73}.Debug|Any CPU.Build.0 = Debug|Any CPU
		{693F23D8-959C-4E69-92E8-7EA86D830A73}.Release|Any CPU.ActiveCfg = Release|Any CPU
		{693F23D8-959C-4E69-92E8-7EA86D830A73}.Release|Any CPU.Build.0 = Release|Any CPU
	EndGlobalSection
	GlobalSection(SolutionProperties) = preSolution
		HideSolutionNode = FALSE
	EndGlobalSection
	GlobalSection(ExtensibilityGlobals) = postSolution
		SolutionGuid = {A7D30C3D-C826-4ABC-8596-7755BE0FE79F}
	EndGlobalSection
EndGlobal
