
Microsoft Visual Studio Solution File, Format Version 12.00
# Visual Studio Version 17
VisualStudioVersion = 17.0.31903.59
MinimumVisualStudioVersion = 10.0.40219.1
Project("{FAE04EC0-301F-11D3-BF4B-00C04F79EFBC}") = "Client1App", "Client1App\Client1App.csproj", "{9459C12C-8669-4F57-A1E4-E0972D0C1171}"
EndProject
Project("{FAE04EC0-301F-11D3-BF4B-00C04F79EFBC}") = "Client2App", "Client2App\Client2App.csproj", "{7784C9B6-F8D8-45E8-89D5-4D84E2BF5806}"
EndProject
Project("{FAE04EC0-301F-11D3-BF4B-00C04F79EFBC}") = "SharedApp", "SharedApp\SharedApp.csproj", "{28689982-7984-4A76-B32C-FEB370730999}"
EndProject
Global
	GlobalSection(SolutionConfigurationPlatforms) = preSolution
		Debug|Any CPU = Debug|Any CPU
		Release|Any CPU = Release|Any CPU
	EndGlobalSection
	GlobalSection(SolutionProperties) = preSolution
		HideSolutionNode = FALSE
	EndGlobalSection
	GlobalSection(ProjectConfigurationPlatforms) = postSolution
		{9459C12C-8669-4F57-A1E4-E0972D0C1171}.Debug|Any CPU.ActiveCfg = Debug|Any CPU
		{9459C12C-8669-4F57-A1E4-E0972D0C1171}.Debug|Any CPU.Build.0 = Debug|Any CPU
		{9459C12C-8669-4F57-A1E4-E0972D0C1171}.Release|Any CPU.ActiveCfg = Release|Any CPU
		{9459C12C-8669-4F57-A1E4-E0972D0C1171}.Release|Any CPU.Build.0 = Release|Any CPU
		{7784C9B6-F8D8-45E8-89D5-4D84E2BF5806}.Debug|Any CPU.ActiveCfg = Debug|Any CPU
		{7784C9B6-F8D8-45E8-89D5-4D84E2BF5806}.Debug|Any CPU.Build.0 = Debug|Any CPU
		{7784C9B6-F8D8-45E8-89D5-4D84E2BF5806}.Release|Any CPU.ActiveCfg = Release|Any CPU
		{7784C9B6-F8D8-45E8-89D5-4D84E2BF5806}.Release|Any CPU.Build.0 = Release|Any CPU
		{28689982-7984-4A76-B32C-FEB370730999}.Debug|Any CPU.ActiveCfg = Debug|Any CPU
		{28689982-7984-4A76-B32C-FEB370730999}.Debug|Any CPU.Build.0 = Debug|Any CPU
		{28689982-7984-4A76-B32C-FEB370730999}.Release|Any CPU.ActiveCfg = Release|Any CPU
		{28689982-7984-4A76-B32C-FEB370730999}.Release|Any CPU.Build.0 = Release|Any CPU
	EndGlobalSection
EndGlobal
